// !$*UTF8*$!
{
	archiveVersion = 1;
	classes = {
	};
	objectVersion = 55;
	objects = {

/* Begin PBXBuildFile section */
		3A086ADB27A28E66002CCE0E /* AppDelegate.swift in Sources */ = {isa = PBXBuildFile; fileRef = 3A086ADA27A28E66002CCE0E /* AppDelegate.swift */; };
		3A086AE427A28E67002CCE0E /* Assets.xcassets in Resources */ = {isa = PBXBuildFile; fileRef = 3A086AE327A28E67002CCE0E /* Assets.xcassets */; };
		3A086AE727A28E67002CCE0E /* LaunchScreen.storyboard in Resources */ = {isa = PBXBuildFile; fileRef = 3A086AE527A28E67002CCE0E /* LaunchScreen.storyboard */; };
		3A086AF227A28EAF002CCE0E /* Model_0_H.mtl in Resources */ = {isa = PBXBuildFile; fileRef = 3A086AEF27A28EAF002CCE0E /* Model_0_H.mtl */; };
		3A086AF327A28EAF002CCE0E /* Model.obj in Resources */ = {isa = PBXBuildFile; fileRef = 3A086AF027A28EAF002CCE0E /* Model.obj */; };
		3A086AF427A28EAF002CCE0E /* Model_0.jpg in Resources */ = {isa = PBXBuildFile; fileRef = 3A086AF127A28EAF002CCE0E /* Model_0.jpg */; };
		3A086AF827A28F70002CCE0E /* Display3DViewController.swift in Sources */ = {isa = PBXBuildFile; fileRef = 3A086AF527A28F70002CCE0E /* Display3DViewController.swift */; };
		3A086AF927A28F70002CCE0E /* Detail3DMenuView.swift in Sources */ = {isa = PBXBuildFile; fileRef = 3A086AF627A28F70002CCE0E /* Detail3DMenuView.swift */; };
		3A086AFA27A28F70002CCE0E /* Detail3DSceneView.swift in Sources */ = {isa = PBXBuildFile; fileRef = 3A086AF727A28F70002CCE0E /* Detail3DSceneView.swift */; };
		3A086AFC27A293AC002CCE0E /* SwiftyTimer.swift in Sources */ = {isa = PBXBuildFile; fileRef = 3A086AFB27A293AC002CCE0E /* SwiftyTimer.swift */; };
/* End PBXBuildFile section */

/* Begin PBXFileReference section */
		3A086AD727A28E66002CCE0E /* SceneKitDemo.app */ = {isa = PBXFileReference; explicitFileType = wrapper.application; includeInIndex = 0; path = SceneKitDemo.app; sourceTree = BUILT_PRODUCTS_DIR; };
		3A086ADA27A28E66002CCE0E /* AppDelegate.swift */ = {isa = PBXFileReference; lastKnownFileType = sourcecode.swift; path = AppDelegate.swift; sourceTree = "<group>"; };
		3A086AE327A28E67002CCE0E /* Assets.xcassets */ = {isa = PBXFileReference; lastKnownFileType = folder.assetcatalog; path = Assets.xcassets; sourceTree = "<group>"; };
		3A086AE627A28E67002CCE0E /* Base */ = {isa = PBXFileReference; lastKnownFileType = file.storyboard; name = Base; path = Base.lproj/LaunchScreen.storyboard; sourceTree = "<group>"; };
		3A086AE827A28E67002CCE0E /* Info.plist */ = {isa = PBXFileReference; lastKnownFileType = text.plist.xml; path = Info.plist; sourceTree = "<group>"; };
		3A086AEF27A28EAF002CCE0E /* Model_0_H.mtl */ = {isa = PBXFileReference; fileEncoding = 4; lastKnownFileType = text; path = Model_0_H.mtl; sourceTree = "<group>"; };
		3A086AF027A28EAF002CCE0E /* Model.obj */ = {isa = PBXFileReference; fileEncoding = 4; lastKnownFileType = text; path = Model.obj; sourceTree = "<group>"; };
		3A086AF127A28EAF002CCE0E /* Model_0.jpg */ = {isa = PBXFileReference; lastKnownFileType = image.jpeg; path = Model_0.jpg; sourceTree = "<group>"; };
		3A086AF527A28F70002CCE0E /* Display3DViewController.swift */ = {isa = PBXFileReference; fileEncoding = 4; lastKnownFileType = sourcecode.swift; path = Display3DViewController.swift; sourceTree = "<group>"; };
		3A086AF627A28F70002CCE0E /* Detail3DMenuView.swift */ = {isa = PBXFileReference; fileEncoding = 4; lastKnownFileType = sourcecode.swift; path = Detail3DMenuView.swift; sourceTree = "<group>"; };
		3A086AF727A28F70002CCE0E /* Detail3DSceneView.swift */ = {isa = PBXFileReference; fileEncoding = 4; lastKnownFileType = sourcecode.swift; path = Detail3DSceneView.swift; sourceTree = "<group>"; };
		3A086AFB27A293AC002CCE0E /* SwiftyTimer.swift */ = {isa = PBXFileReference; lastKnownFileType = sourcecode.swift; path = SwiftyTimer.swift; sourceTree = "<group>"; };
/* End PBXFileReference section */

/* Begin PBXFrameworksBuildPhase section */
		3A086AD427A28E66002CCE0E /* Frameworks */ = {
			isa = PBXFrameworksBuildPhase;
			buildActionMask = 2147483647;
			files = (
			);
			runOnlyForDeploymentPostprocessing = 0;
		};
/* End PBXFrameworksBuildPhase section */

/* Begin PBXGroup section */
		3A086ACE27A28E66002CCE0E = {
			isa = PBXGroup;
			children = (
				3A086AD927A28E66002CCE0E /* SceneKitDemo */,
				3A086AD827A28E66002CCE0E /* Products */,
			);
			sourceTree = "<group>";
		};
		3A086AD827A28E66002CCE0E /* Products */ = {
			isa = PBXGroup;
			children = (
				3A086AD727A28E66002CCE0E /* SceneKitDemo.app */,
			);
			name = Products;
			sourceTree = "<group>";
		};
		3A086AD927A28E66002CCE0E /* SceneKitDemo */ = {
			isa = PBXGroup;
			children = (
				3A086AEE27A28E99002CCE0E /* model */,
				3A086ADA27A28E66002CCE0E /* AppDelegate.swift */,
				3A086AF627A28F70002CCE0E /* Detail3DMenuView.swift */,
				3A086AF727A28F70002CCE0E /* Detail3DSceneView.swift */,
				3A086AF527A28F70002CCE0E /* Display3DViewController.swift */,
				3A086AFB27A293AC002CCE0E /* SwiftyTimer.swift */,
				3A086AE327A28E67002CCE0E /* Assets.xcassets */,
				3A086AE527A28E67002CCE0E /* LaunchScreen.storyboard */,
				3A086AE827A28E67002CCE0E /* Info.plist */,
			);
			path = SceneKitDemo;
			sourceTree = "<group>";
		};
		3A086AEE27A28E99002CCE0E /* model */ = {
			isa = PBXGroup;
			children = (
				3A086AEF27A28EAF002CCE0E /* Model_0_H.mtl */,
				3A086AF127A28EAF002CCE0E /* Model_0.jpg */,
				3A086AF027A28EAF002CCE0E /* Model.obj */,
			);
			path = model;
			sourceTree = "<group>";
		};
/* End PBXGroup section */

/* Begin PBXNativeTarget section */
		3A086AD627A28E66002CCE0E /* SceneKitDemo */ = {
			isa = PBXNativeTarget;
			buildConfigurationList = 3A086AEB27A28E67002CCE0E /* Build configuration list for PBXNativeTarget "SceneKitDemo" */;
			buildPhases = (
				3A086AD327A28E66002CCE0E /* Sources */,
				3A086AD427A28E66002CCE0E /* Frameworks */,
				3A086AD527A28E66002CCE0E /* Resources */,
			);
			buildRules = (
			);
			dependencies = (
			);
			name = SceneKitDemo;
			productName = SceneKitDemo;
			productReference = 3A086AD727A28E66002CCE0E /* SceneKitDemo.app */;
			productType = "com.apple.product-type.application";
		};
/* End PBXNativeTarget section */

/* Begin PBXProject section */
		3A086ACF27A28E66002CCE0E /* Project object */ = {
			isa = PBXProject;
			attributes = {
				BuildIndependentTargetsInParallel = 1;
				LastSwiftUpdateCheck = 1320;
				LastUpgradeCheck = 1320;
				TargetAttributes = {
					3A086AD627A28E66002CCE0E = {
						CreatedOnToolsVersion = 13.2.1;
					};
				};
			};
			buildConfigurationList = 3A086AD227A28E66002CCE0E /* Build configuration list for PBXProject "SceneKitDemo" */;
			compatibilityVersion = "Xcode 13.0";
			developmentRegion = en;
			hasScannedForEncodings = 0;
			knownRegions = (
				en,
				Base,
			);
			mainGroup = 3A086ACE27A28E66002CCE0E;
			productRefGroup = 3A086AD827A28E66002CCE0E /* Products */;
			projectDirPath = "";
			projectRoot = "";
			targets = (
				3A086AD627A28E66002CCE0E /* SceneKitDemo */,
			);
		};
/* End PBXProject section */

/* Begin PBXResourcesBuildPhase section */
		3A086AD527A28E66002CCE0E /* Resources */ = {
			isa = PBXResourcesBuildPhase;
			buildActionMask = 2147483647;
			files = (
				3A086AF427A28EAF002CCE0E /* Model_0.jpg in Resources */,
				3A086AE727A28E67002CCE0E /* LaunchScreen.storyboard in Resources */,
				3A086AE427A28E67002CCE0E /* Assets.xcassets in Resources */,
				3A086AF227A28EAF002CCE0E /* Model_0_H.mtl in Resources */,
				3A086AF327A28EAF002CCE0E /* Model.obj in Resources */,
			);
			runOnlyForDeploymentPostprocessing = 0;
		};
/* End PBXResourcesBuildPhase section */

/* Begin PBXSourcesBuildPhase section */
		3A086AD327A28E66002CCE0E /* Sources */ = {
			isa = PBXSourcesBuildPhase;
			buildActionMask = 2147483647;
			files = (
				3A086AF827A28F70002CCE0E /* Display3DViewController.swift in Sources */,
				3A086AF927A28F70002CCE0E /* Detail3DMenuView.swift in Sources */,
				3A086AFC27A293AC002CCE0E /* SwiftyTimer.swift in Sources */,
				3A086ADB27A28E66002CCE0E /* AppDelegate.swift in Sources */,
				3A086AFA27A28F70002CCE0E /* Detail3DSceneView.swift in Sources */,
			);
			runOnlyForDeploymentPostprocessing = 0;
		};
/* End PBXSourcesBuildPhase section */

/* Begin PBXVariantGroup section */
		3A086AE527A28E67002CCE0E /* LaunchScreen.storyboard */ = {
			isa = PBXVariantGroup;
			children = (
				3A086AE627A28E67002CCE0E /* Base */,
			);
			name = LaunchScreen.storyboard;
			sourceTree = "<group>";
		};
/* End PBXVariantGroup section */

/* Begin XCBuildConfiguration section */
		3A086AE927A28E67002CCE0E /* Debug */ = {
			isa = XCBuildConfiguration;
			buildSettings = {
				ALWAYS_SEARCH_USER_PATHS = NO;
				CLANG_ANALYZER_NONNULL = YES;
				CLANG_ANALYZER_NUMBER_OBJECT_CONVERSION = YES_AGGRESSIVE;
				CLANG_CXX_LANGUAGE_STANDARD = "gnu++17";
				CLANG_CXX_LIBRARY = "libc++";
				CLANG_ENABLE_MODULES = YES;
				CLANG_ENABLE_OBJC_ARC = YES;
				CLANG_ENABLE_OBJC_WEAK = YES;
				CLANG_WARN_BLOCK_CAPTURE_AUTORELEASING = YES;
				CLANG_WARN_BOOL_CONVERSION = YES;
				CLANG_WARN_COMMA = YES;
				CLANG_WARN_CONSTANT_CONVERSION = YES;
				CLANG_WARN_DEPRECATED_OBJC_IMPLEMENTATIONS = YES;
				CLANG_WARN_DIRECT_OBJC_ISA_USAGE = YES_ERROR;
				CLANG_WARN_DOCUMENTATION_COMMENTS = YES;
				CLANG_WARN_EMPTY_BODY = YES;
				CLANG_WARN_ENUM_CONVERSION = YES;
				CLANG_WARN_INFINITE_RECURSION = YES;
				CLANG_WARN_INT_CONVERSION = YES;
				CLANG_WARN_NON_LITERAL_NULL_CONVERSION = YES;
				CLANG_WARN_OBJC_IMPLICIT_RETAIN_SELF = YES;
				CLANG_WARN_OBJC_LITERAL_CONVERSION = YES;
				CLANG_WARN_OBJC_ROOT_CLASS = YES_ERROR;
				CLANG_WARN_QUOTED_INCLUDE_IN_FRAMEWORK_HEADER = YES;
				CLANG_WARN_RANGE_LOOP_ANALYSIS = YES;
				CLANG_WARN_STRICT_PROTOTYPES = YES;
				CLANG_WARN_SUSPICIOUS_MOVE = YES;
				CLANG_WARN_UNGUARDED_AVAILABILITY = YES_AGGRESSIVE;
				CLANG_WARN_UNREACHABLE_CODE = YES;
				CLANG_WARN__DUPLICATE_METHOD_MATCH = YES;
				COPY_PHASE_STRIP = NO;
				DEBUG_INFORMATION_FORMAT = dwarf;
				ENABLE_STRICT_OBJC_MSGSEND = YES;
				ENABLE_TESTABILITY = YES;
				GCC_C_LANGUAGE_STANDARD = gnu11;
				GCC_DYNAMIC_NO_PIC = NO;
				GCC_NO_COMMON_BLOCKS = YES;
				GCC_OPTIMIZATION_LEVEL = 0;
				GCC_PREPROCESSOR_DEFINITIONS = (
					"DEBUG=1",
					"$(inherited)",
				);
				GCC_WARN_64_TO_32_BIT_CONVERSION = YES;
				GCC_WARN_ABOUT_RETURN_TYPE = YES_ERROR;
				GCC_WARN_UNDECLARED_SELECTOR = YES;
				GCC_WARN_UNINITIALIZED_AUTOS = YES_AGGRESSIVE;
				GCC_WARN_UNUSED_FUNCTION = YES;
				GCC_WARN_UNUSED_VARIABLE = YES;
				IPHONEOS_DEPLOYMENT_TARGET = 15.2;
				MTL_ENABLE_DEBUG_INFO = INCLUDE_SOURCE;
				MTL_FAST_MATH = YES;
				ONLY_ACTIVE_ARCH = YES;
				SDKROOT = iphoneos;
				SWIFT_ACTIVE_COMPILATION_CONDITIONS = DEBUG;
				SWIFT_OPTIMIZATION_LEVEL = "-Onone";
			};
			name = Debug;
		};
		3A086AEA27A28E67002CCE0E /* Release */ = {
			isa = XCBuildConfiguration;
			buildSettings = {
				ALWAYS_SEARCH_USER_PATHS = NO;
				CLANG_ANALYZER_NONNULL = YES;
				CLANG_ANALYZER_NUMBER_OBJECT_CONVERSION = YES_AGGRESSIVE;
				CLANG_CXX_LANGUAGE_STANDARD = "gnu++17";
				CLANG_CXX_LIBRARY = "libc++";
				CLANG_ENABLE_MODULES = YES;
				CLANG_ENABLE_OBJC_ARC = YES;
				CLANG_ENABLE_OBJC_WEAK = YES;
				CLANG_WARN_BLOCK_CAPTURE_AUTORELEASING = YES;
				CLANG_WARN_BOOL_CONVERSION = YES;
				CLANG_WARN_COMMA = YES;
				CLANG_WARN_CONSTANT_CONVERSION = YES;
				CLANG_WARN_DEPRECATED_OBJC_IMPLEMENTATIONS = YES;
				CLANG_WARN_DIRECT_OBJC_ISA_USAGE = YES_ERROR;
				CLANG_WARN_DOCUMENTATION_COMMENTS = YES;
				CLANG_WARN_EMPTY_BODY = YES;
				CLANG_WARN_ENUM_CONVERSION = YES;
				CLANG_WARN_INFINITE_RECURSION = YES;
				CLANG_WARN_INT_CONVERSION = YES;
				CLANG_WARN_NON_LITERAL_NULL_CONVERSION = YES;
				CLANG_WARN_OBJC_IMPLICIT_RETAIN_SELF = YES;
				CLANG_WARN_OBJC_LITERAL_CONVERSION = YES;
				CLANG_WARN_OBJC_ROOT_CLASS = YES_ERROR;
				CLANG_WARN_QUOTED_INCLUDE_IN_FRAMEWORK_HEADER = YES;
				CLANG_WARN_RANGE_LOOP_ANALYSIS = YES;
				CLANG_WARN_STRICT_PROTOTYPES = YES;
				CLANG_WARN_SUSPICIOUS_MOVE = YES;
				CLANG_WARN_UNGUARDED_AVAILABILITY = YES_AGGRESSIVE;
				CLANG_WARN_UNREACHABLE_CODE = YES;
				CLANG_WARN__DUPLICATE_METHOD_MATCH = YES;
				COPY_PHASE_STRIP = NO;
				DEBUG_INFORMATION_FORMAT = "dwarf-with-dsym";
				ENABLE_NS_ASSERTIONS = NO;
				ENABLE_STRICT_OBJC_MSGSEND = YES;
				GCC_C_LANGUAGE_STANDARD = gnu11;
				GCC_NO_COMMON_BLOCKS = YES;
				GCC_WARN_64_TO_32_BIT_CONVERSION = YES;
				GCC_WARN_ABOUT_RETURN_TYPE = YES_ERROR;
				GCC_WARN_UNDECLARED_SELECTOR = YES;
				GCC_WARN_UNINITIALIZED_AUTOS = YES_AGGRESSIVE;
				GCC_WARN_UNUSED_FUNCTION = YES;
				GCC_WARN_UNUSED_VARIABLE = YES;
				IPHONEOS_DEPLOYMENT_TARGET = 15.2;
				MTL_ENABLE_DEBUG_INFO = NO;
				MTL_FAST_MATH = YES;
				SDKROOT = iphoneos;
				SWIFT_COMPILATION_MODE = wholemodule;
				SWIFT_OPTIMIZATION_LEVEL = "-O";
				VALIDATE_PRODUCT = YES;
			};
			name = Release;
		};
		3A086AEC27A28E67002CCE0E /* Debug */ = {
			isa = XCBuildConfiguration;
			buildSettings = {
				ASSETCATALOG_COMPILER_APPICON_NAME = AppIcon;
				ASSETCATALOG_COMPILER_GLOBAL_ACCENT_COLOR_NAME = AccentColor;
				CODE_SIGN_STYLE = Automatic;
				CURRENT_PROJECT_VERSION = 1;
				DEVELOPMENT_TEAM = UCP5X5U5BW;
				GENERATE_INFOPLIST_FILE = YES;
				INFOPLIST_FILE = SceneKitDemo/Info.plist;
				INFOPLIST_KEY_UIApplicationSupportsIndirectInputEvents = YES;
				INFOPLIST_KEY_UILaunchStoryboardName = LaunchScreen;
				INFOPLIST_KEY_UISupportedInterfaceOrientations_iPad = "UIInterfaceOrientationPortrait UIInterfaceOrientationPortraitUpsideDown UIInterfaceOrientationLandscapeLeft UIInterfaceOrientationLandscapeRight";
				INFOPLIST_KEY_UISupportedInterfaceOrientations_iPhone = "UIInterfaceOrientationPortrait UIInterfaceOrientationLandscapeLeft UIInterfaceOrientationLandscapeRight";
				LD_RUNPATH_SEARCH_PATHS = (
					"$(inherited)",
					"@executable_path/Frameworks",
				);
				MARKETING_VERSION = 1.0;
				PRODUCT_BUNDLE_IDENTIFIER = com.eamon.SceneKitDemo;
				PRODUCT_NAME = "$(TARGET_NAME)";
				SWIFT_EMIT_LOC_STRINGS = YES;
				SWIFT_VERSION = 5.0;
				TARGETED_DEVICE_FAMILY = "1,2";
			};
			name = Debug;
		};
		3A086AED27A28E67002CCE0E /* Release */ = {
			isa = XCBuildConfiguration;
			buildSettings = {
				ASSETCATALOG_COMPILER_APPICON_NAME = AppIcon;
				ASSETCATALOG_COMPILER_GLOBAL_ACCENT_COLOR_NAME = AccentColor;
				CODE_SIGN_STYLE = Automatic;
				CURRENT_PROJECT_VERSION = 1;
				DEVELOPMENT_TEAM = UCP5X5U5BW;
				GENERATE_INFOPLIST_FILE = YES;
				INFOPLIST_FILE = SceneKitDemo/Info.plist;
				INFOPLIST_KEY_UIApplicationSupportsIndirectInputEvents = YES;
				INFOPLIST_KEY_UILaunchStoryboardName = LaunchScreen;
				INFOPLIST_KEY_UISupportedInterfaceOrientations_iPad = "UIInterfaceOrientationPortrait UIInterfaceOrientationPortraitUpsideDown UIInterfaceOrientationLandscapeLeft UIInterfaceOrientationLandscapeRight";
				INFOPLIST_KEY_UISupportedInterfaceOrientations_iPhone = "UIInterfaceOrientationPortrait UIInterfaceOrientationLandscapeLeft UIInterfaceOrientationLandscapeRight";
				LD_RUNPATH_SEARCH_PATHS = (
					"$(inherited)",
					"@executable_path/Frameworks",
				);
				MARKETING_VERSION = 1.0;
				PRODUCT_BUNDLE_IDENTIFIER = com.eamon.SceneKitDemo;
				PRODUCT_NAME = "$(TARGET_NAME)";
				SWIFT_EMIT_LOC_STRINGS = YES;
				SWIFT_VERSION = 5.0;
				TARGETED_DEVICE_FAMILY = "1,2";
			};
			name = Release;
		};
/* End XCBuildConfiguration section */

/* Begin XCConfigurationList section */
		3A086AD227A28E66002CCE0E /* Build configuration list for PBXProject "SceneKitDemo" */ = {
			isa = XCConfigurationList;
			buildConfigurations = (
				3A086AE927A28E67002CCE0E /* Debug */,
				3A086AEA27A28E67002CCE0E /* Release */,
			);
			defaultConfigurationIsVisible = 0;
			defaultConfigurationName = Release;
		};
		3A086AEB27A28E67002CCE0E /* Build configuration list for PBXNativeTarget "SceneKitDemo" */ = {
			isa = XCConfigurationList;
			buildConfigurations = (
				3A086AEC27A28E67002CCE0E /* Debug */,
				3A086AED27A28E67002CCE0E /* Release */,
			);
			defaultConfigurationIsVisible = 0;
			defaultConfigurationName = Release;
		};
/* End XCConfigurationList section */
	};
	rootObject = 3A086ACF27A28E66002CCE0E /* Project object */;
}
